
Microsoft Visual Studio Solution File, Format Version 10.00
# Visual Studio 2008
Project("{8BC9CEB8-8B4A-11D0-8D11-00A0C91BC942}") = "Tet_ris", "Tet_ris\Tet_ris.vcproj", "{92A4B707-B979-467F-B92F-282AC721798C}"
EndProject
Global
	GlobalSection(SolutionConfigurationPlatforms) = preSolution
		Debug|Win32 = Debug|Win32
		Release|Win32 = Release|Win32
	EndGlobalSection
	GlobalSection(ProjectConfigurationPlatforms) = postSolution
		{92A4B707-B979-467F-B92F-282AC721798C}.Debug|Win32.ActiveCfg = Debug|Win32
		{92A4B707-B979-467F-B92F-282AC721798C}.Debug|Win32.Build.0 = Debug|Win32
		{92A4B707-B979-467F-B92F-282AC721798C}.Release|Win32.ActiveCfg = Release|Win32
		{92A4B707-B979-467F-B92F-282AC721798C}.Release|Win32.Build.0 = Release|Win32
	EndGlobalSection
	GlobalSection(SolutionProperties) = preSolution
		HideSolutionNode = FALSE
	EndGlobalSection
EndGlobal
